- name: automatic timezone
  dconf:
    key: "/org/gnome/desktop/datetime/automatic-timezone"
    value: "true"
- name: show date
  dconf:
    key: "/org/gnome/desktop/interface/clock-show-date"
    value: "true"
- name: use 12h format
  dconf:
    key: "/org/gnome/desktop/interface/clock-format"
    value: "'12h'"
- name: show seconds
  dconf:
    key: "/org/gnome/desktop/interface/clock-show-seconds"
    value: "true"